// !$*UTF8*$!
{
	archiveVersion = 1;
	classes = {
	};
	objectVersion = 56;
	objects = {

/* Begin PBXBuildFile section */
		8F8760E32A28BAE500859F4C /* FoodDeliveryAppApp.swift in Sources */ = {isa = PBXBuildFile; fileRef = 8F8760E22A28BAE500859F4C /* FoodDeliveryAppApp.swift */; };
		8F8760E52A28BAE500859F4C /* ContentView.swift in Sources */ = {isa = PBXBuildFile; fileRef = 8F8760E42A28BAE500859F4C /* ContentView.swift */; };
		8F8760E72A28BAE700859F4C /* Assets.xcassets in Resources */ = {isa = PBXBuildFile; fileRef = 8F8760E62A28BAE700859F4C /* Assets.xcassets */; };
		8F8760EA2A28BAE700859F4C /* Preview Assets.xcassets in Resources */ = {isa = PBXBuildFile; fileRef = 8F8760E92A28BAE700859F4C /* Preview Assets.xcassets */; };
		8F8760F22A28C28400859F4C /* MainView.swift in Sources */ = {isa = PBXBuildFile; fileRef = 8F8760F12A28C28400859F4C /* MainView.swift */; };
		8F8760F62A28C36400859F4C /* Image+.swift in Sources */ = {isa = PBXBuildFile; fileRef = 8F8760F52A28C36400859F4C /* Image+.swift */; };
		8F8760F92A28D3B300859F4C /* SearchField.swift in Sources */ = {isa = PBXBuildFile; fileRef = 8F8760F82A28D3B300859F4C /* SearchField.swift */; };
		8F8760FC2A28D44500859F4C /* CardView.swift in Sources */ = {isa = PBXBuildFile; fileRef = 8F8760FB2A28D44500859F4C /* CardView.swift */; };
		8F8760FF2A28D4C300859F4C /* Color+.swift in Sources */ = {isa = PBXBuildFile; fileRef = 8F8760FE2A28D4C300859F4C /* Color+.swift */; };
		8F8761012A2904F600859F4C /* CategoryItemView.swift in Sources */ = {isa = PBXBuildFile; fileRef = 8F8761002A2904F500859F4C /* CategoryItemView.swift */; };
		8F8761032A290B4C00859F4C /* OverlapView.swift in Sources */ = {isa = PBXBuildFile; fileRef = 8F8761022A290B4C00859F4C /* OverlapView.swift */; };
		8F8761052A2A02D600859F4C /* DetailView.swift in Sources */ = {isa = PBXBuildFile; fileRef = 8F8761042A2A02D600859F4C /* DetailView.swift */; };
		8F87610A2A2A0EB600859F4C /* View+.swift in Sources */ = {isa = PBXBuildFile; fileRef = 8F8761092A2A0EB600859F4C /* View+.swift */; };
		8F87610C2A2A45FF00859F4C /* RatingStars.swift in Sources */ = {isa = PBXBuildFile; fileRef = 8F87610B2A2A45FF00859F4C /* RatingStars.swift */; };
		8F87610E2A2B32AF00859F4C /* CartOrderView.swift in Sources */ = {isa = PBXBuildFile; fileRef = 8F87610D2A2B32AF00859F4C /* CartOrderView.swift */; };
		8F8761102A2B4E0E00859F4C /* Item.swift in Sources */ = {isa = PBXBuildFile; fileRef = 8F87610F2A2B4E0E00859F4C /* Item.swift */; };
		8F8761122A2B520A00859F4C /* ItemViewModel.swift in Sources */ = {isa = PBXBuildFile; fileRef = 8F8761112A2B520A00859F4C /* ItemViewModel.swift */; };
		8F8761142A2B628B00859F4C /* DetailsCardView.swift in Sources */ = {isa = PBXBuildFile; fileRef = 8F8761132A2B628B00859F4C /* DetailsCardView.swift */; };
		8F8761222A30774B00859F4C /* ViewModel.swift in Sources */ = {isa = PBXBuildFile; fileRef = 8F8761212A30774B00859F4C /* ViewModel.swift */; };
		8F9D8CBF2A34A89200F2D006 /* CartViewModel.swift in Sources */ = {isa = PBXBuildFile; fileRef = 8F9D8CBE2A34A89200F2D006 /* CartViewModel.swift */; };
		8F9D8CC22A34B3D300F2D006 /* CartItemModel.swift in Sources */ = {isa = PBXBuildFile; fileRef = 8F9D8CC12A34B3D300F2D006 /* CartItemModel.swift */; };
		8F9D8CC42A34B42F00F2D006 /* CartItemCell.swift in Sources */ = {isa = PBXBuildFile; fileRef = 8F9D8CC32A34B42F00F2D006 /* CartItemCell.swift */; };
		8F9D8CC62A34BB5200F2D006 /* AddToCartButton.swift in Sources */ = {isa = PBXBuildFile; fileRef = 8F9D8CC52A34BB5200F2D006 /* AddToCartButton.swift */; };
		8F9D8CDA2A363B3600F2D006 /* Stepper.swift in Sources */ = {isa = PBXBuildFile; fileRef = 8F9D8CD92A363B3600F2D006 /* Stepper.swift */; };
		8F9D8CDC2A3731BA00F2D006 /* DetailViewModel.swift in Sources */ = {isa = PBXBuildFile; fileRef = 8F9D8CDB2A3731BA00F2D006 /* DetailViewModel.swift */; };
/* End PBXBuildFile section */

/* Begin PBXFileReference section */
		8F8760DF2A28BAE500859F4C /* FoodDeliveryApp.app */ = {isa = PBXFileReference; explicitFileType = wrapper.application; includeInIndex = 0; path = FoodDeliveryApp.app; sourceTree = BUILT_PRODUCTS_DIR; };
		8F8760E22A28BAE500859F4C /* FoodDeliveryAppApp.swift */ = {isa = PBXFileReference; lastKnownFileType = sourcecode.swift; path = FoodDeliveryAppApp.swift; sourceTree = "<group>"; };
		8F8760E42A28BAE500859F4C /* ContentView.swift */ = {isa = PBXFileReference; lastKnownFileType = sourcecode.swift; path = ContentView.swift; sourceTree = "<group>"; };
		8F8760E62A28BAE700859F4C /* Assets.xcassets */ = {isa = PBXFileReference; lastKnownFileType = folder.assetcatalog; path = Assets.xcassets; sourceTree = "<group>"; };
		8F8760E92A28BAE700859F4C /* Preview Assets.xcassets */ = {isa = PBXFileReference; lastKnownFileType = folder.assetcatalog; path = "Preview Assets.xcassets"; sourceTree = "<group>"; };
		8F8760F12A28C28400859F4C /* MainView.swift */ = {isa = PBXFileReference; lastKnownFileType = sourcecode.swift; path = MainView.swift; sourceTree = "<group>"; };
		8F8760F52A28C36400859F4C /* Image+.swift */ = {isa = PBXFileReference; lastKnownFileType = sourcecode.swift; path = "Image+.swift"; sourceTree = "<group>"; };
		8F8760F82A28D3B300859F4C /* SearchField.swift */ = {isa = PBXFileReference; lastKnownFileType = sourcecode.swift; path = SearchField.swift; sourceTree = "<group>"; };
		8F8760FB2A28D44500859F4C /* CardView.swift */ = {isa = PBXFileReference; lastKnownFileType = sourcecode.swift; path = CardView.swift; sourceTree = "<group>"; };
		8F8760FE2A28D4C300859F4C /* Color+.swift */ = {isa = PBXFileReference; lastKnownFileType = sourcecode.swift; path = "Color+.swift"; sourceTree = "<group>"; };
		8F8761002A2904F500859F4C /* CategoryItemView.swift */ = {isa = PBXFileReference; lastKnownFileType = sourcecode.swift; path = CategoryItemView.swift; sourceTree = "<group>"; };
		8F8761022A290B4C00859F4C /* OverlapView.swift */ = {isa = PBXFileReference; lastKnownFileType = sourcecode.swift; path = OverlapView.swift; sourceTree = "<group>"; };
		8F8761042A2A02D600859F4C /* DetailView.swift */ = {isa = PBXFileReference; lastKnownFileType = sourcecode.swift; path = DetailView.swift; sourceTree = "<group>"; };
		8F8761092A2A0EB600859F4C /* View+.swift */ = {isa = PBXFileReference; lastKnownFileType = sourcecode.swift; path = "View+.swift"; sourceTree = "<group>"; };
		8F87610B2A2A45FF00859F4C /* RatingStars.swift */ = {isa = PBXFileReference; lastKnownFileType = sourcecode.swift; path = RatingStars.swift; sourceTree = "<group>"; };
		8F87610D2A2B32AF00859F4C /* CartOrderView.swift */ = {isa = PBXFileReference; lastKnownFileType = sourcecode.swift; path = CartOrderView.swift; sourceTree = "<group>"; };
		8F87610F2A2B4E0E00859F4C /* Item.swift */ = {isa = PBXFileReference; lastKnownFileType = sourcecode.swift; path = Item.swift; sourceTree = "<group>"; };
		8F8761112A2B520A00859F4C /* ItemViewModel.swift */ = {isa = PBXFileReference; lastKnownFileType = sourcecode.swift; path = ItemViewModel.swift; sourceTree = "<group>"; };
		8F8761132A2B628B00859F4C /* DetailsCardView.swift */ = {isa = PBXFileReference; lastKnownFileType = sourcecode.swift; path = DetailsCardView.swift; sourceTree = "<group>"; };
		8F8761212A30774B00859F4C /* ViewModel.swift */ = {isa = PBXFileReference; lastKnownFileType = sourcecode.swift; path = ViewModel.swift; sourceTree = "<group>"; };
		8F9D8CBE2A34A89200F2D006 /* CartViewModel.swift */ = {isa = PBXFileReference; lastKnownFileType = sourcecode.swift; path = CartViewModel.swift; sourceTree = "<group>"; };
		8F9D8CC12A34B3D300F2D006 /* CartItemModel.swift */ = {isa = PBXFileReference; lastKnownFileType = sourcecode.swift; path = CartItemModel.swift; sourceTree = "<group>"; };
		8F9D8CC32A34B42F00F2D006 /* CartItemCell.swift */ = {isa = PBXFileReference; lastKnownFileType = sourcecode.swift; path = CartItemCell.swift; sourceTree = "<group>"; };
		8F9D8CC52A34BB5200F2D006 /* AddToCartButton.swift */ = {isa = PBXFileReference; lastKnownFileType = sourcecode.swift; path = AddToCartButton.swift; sourceTree = "<group>"; };
		8F9D8CD92A363B3600F2D006 /* Stepper.swift */ = {isa = PBXFileReference; lastKnownFileType = sourcecode.swift; path = Stepper.swift; sourceTree = "<group>"; };
		8F9D8CDB2A3731BA00F2D006 /* DetailViewModel.swift */ = {isa = PBXFileReference; fileEncoding = 4; lastKnownFileType = sourcecode.swift; path = DetailViewModel.swift; sourceTree = "<group>"; };
/* End PBXFileReference section */

/* Begin PBXFrameworksBuildPhase section */
		8F8760DC2A28BAE500859F4C /* Frameworks */ = {
			isa = PBXFrameworksBuildPhase;
			buildActionMask = 2147483647;
			files = (
			);
			runOnlyForDeploymentPostprocessing = 0;
		};
/* End PBXFrameworksBuildPhase section */

/* Begin PBXGroup section */
		8F8760D62A28BAE500859F4C = {
			isa = PBXGroup;
			children = (
				8F8760E12A28BAE500859F4C /* FoodDeliveryApp */,
				8F8760E02A28BAE500859F4C /* Products */,
			);
			sourceTree = "<group>";
		};
		8F8760E02A28BAE500859F4C /* Products */ = {
			isa = PBXGroup;
			children = (
				8F8760DF2A28BAE500859F4C /* FoodDeliveryApp.app */,
			);
			name = Products;
			sourceTree = "<group>";
		};
		8F8760E12A28BAE500859F4C /* FoodDeliveryApp */ = {
			isa = PBXGroup;
			children = (
				8F9D8CC02A34B3B900F2D006 /* Model */,
				8F9D8CBB2A34A7FD00F2D006 /* ViewModel */,
				8F8760FA2A28D42B00859F4C /* Helper */,
				8F8760F72A28D38100859F4C /* Components */,
				8F8760F32A28C33A00859F4C /* Extensions */,
				8F8760F02A28C23400859F4C /* View */,
				8F8760E22A28BAE500859F4C /* FoodDeliveryAppApp.swift */,
				8F8760E42A28BAE500859F4C /* ContentView.swift */,
				8F8760E62A28BAE700859F4C /* Assets.xcassets */,
				8F8760E82A28BAE700859F4C /* Preview Content */,
			);
			path = FoodDeliveryApp;
			sourceTree = "<group>";
		};
		8F8760E82A28BAE700859F4C /* Preview Content */ = {
			isa = PBXGroup;
			children = (
				8F8760E92A28BAE700859F4C /* Preview Assets.xcassets */,
			);
			path = "Preview Content";
			sourceTree = "<group>";
		};
		8F8760F02A28C23400859F4C /* View */ = {
			isa = PBXGroup;
			children = (
				8F8760F12A28C28400859F4C /* MainView.swift */,
				8F8761042A2A02D600859F4C /* DetailView.swift */,
				8F87610D2A2B32AF00859F4C /* CartOrderView.swift */,
			);
			path = View;
			sourceTree = "<group>";
		};
		8F8760F32A28C33A00859F4C /* Extensions */ = {
			isa = PBXGroup;
			children = (
				8F8761082A2A0EA100859F4C /* Views */,
				8F8760FD2A28D4AF00859F4C /* Colors */,
				8F8760F42A28C35200859F4C /* Images */,
			);
			path = Extensions;
			sourceTree = "<group>";
		};
		8F8760F42A28C35200859F4C /* Images */ = {
			isa = PBXGroup;
			children = (
				8F8760F52A28C36400859F4C /* Image+.swift */,
			);
			path = Images;
			sourceTree = "<group>";
		};
		8F8760F72A28D38100859F4C /* Components */ = {
			isa = PBXGroup;
			children = (
				8F8760F82A28D3B300859F4C /* SearchField.swift */,
				8F8761002A2904F500859F4C /* CategoryItemView.swift */,
				8F8761022A290B4C00859F4C /* OverlapView.swift */,
				8F8761132A2B628B00859F4C /* DetailsCardView.swift */,
				8F8761212A30774B00859F4C /* ViewModel.swift */,
				8F9D8CC32A34B42F00F2D006 /* CartItemCell.swift */,
				8F9D8CD92A363B3600F2D006 /* Stepper.swift */,
			);
			path = Components;
			sourceTree = "<group>";
		};
		8F8760FA2A28D42B00859F4C /* Helper */ = {
			isa = PBXGroup;
			children = (
				8F8760FB2A28D44500859F4C /* CardView.swift */,
				8F87610B2A2A45FF00859F4C /* RatingStars.swift */,
				8F9D8CC52A34BB5200F2D006 /* AddToCartButton.swift */,
			);
			path = Helper;
			sourceTree = "<group>";
		};
		8F8760FD2A28D4AF00859F4C /* Colors */ = {
			isa = PBXGroup;
			children = (
				8F8760FE2A28D4C300859F4C /* Color+.swift */,
			);
			path = Colors;
			sourceTree = "<group>";
		};
		8F8761082A2A0EA100859F4C /* Views */ = {
			isa = PBXGroup;
			children = (
				8F8761092A2A0EB600859F4C /* View+.swift */,
			);
			path = Views;
			sourceTree = "<group>";
		};
		8F9D8CBB2A34A7FD00F2D006 /* ViewModel */ = {
			isa = PBXGroup;
			children = (
				8F9D8CDB2A3731BA00F2D006 /* DetailViewModel.swift */,
				8F9D8CBE2A34A89200F2D006 /* CartViewModel.swift */,
				8F8761112A2B520A00859F4C /* ItemViewModel.swift */,
			);
			path = ViewModel;
			sourceTree = "<group>";
		};
		8F9D8CC02A34B3B900F2D006 /* Model */ = {
			isa = PBXGroup;
			children = (
				8F9D8CC12A34B3D300F2D006 /* CartItemModel.swift */,
				8F87610F2A2B4E0E00859F4C /* Item.swift */,
			);
			path = Model;
			sourceTree = "<group>";
		};
/* End PBXGroup section */

/* Begin PBXNativeTarget section */
		8F8760DE2A28BAE500859F4C /* FoodDeliveryApp */ = {
			isa = PBXNativeTarget;
			buildConfigurationList = 8F8760ED2A28BAE700859F4C /* Build configuration list for PBXNativeTarget "FoodDeliveryApp" */;
			buildPhases = (
				8F8760DB2A28BAE500859F4C /* Sources */,
				8F8760DC2A28BAE500859F4C /* Frameworks */,
				8F8760DD2A28BAE500859F4C /* Resources */,
			);
			buildRules = (
			);
			dependencies = (
			);
			name = FoodDeliveryApp;
			productName = FoodDeliveryApp;
			productReference = 8F8760DF2A28BAE500859F4C /* FoodDeliveryApp.app */;
			productType = "com.apple.product-type.application";
		};
/* End PBXNativeTarget section */

/* Begin PBXProject section */
		8F8760D72A28BAE500859F4C /* Project object */ = {
			isa = PBXProject;
			attributes = {
				BuildIndependentTargetsInParallel = 1;
				LastSwiftUpdateCheck = 1420;
				LastUpgradeCheck = 1420;
				TargetAttributes = {
					8F8760DE2A28BAE500859F4C = {
						CreatedOnToolsVersion = 14.2;
					};
				};
			};
			buildConfigurationList = 8F8760DA2A28BAE500859F4C /* Build configuration list for PBXProject "FoodDeliveryApp" */;
			compatibilityVersion = "Xcode 14.0";
			developmentRegion = en;
			hasScannedForEncodings = 0;
			knownRegions = (
				en,
				Base,
			);
			mainGroup = 8F8760D62A28BAE500859F4C;
			productRefGroup = 8F8760E02A28BAE500859F4C /* Products */;
			projectDirPath = "";
			projectRoot = "";
			targets = (
				8F8760DE2A28BAE500859F4C /* FoodDeliveryApp */,
			);
		};
/* End PBXProject section */

/* Begin PBXResourcesBuildPhase section */
		8F8760DD2A28BAE500859F4C /* Resources */ = {
			isa = PBXResourcesBuildPhase;
			buildActionMask = 2147483647;
			files = (
				8F8760EA2A28BAE700859F4C /* Preview Assets.xcassets in Resources */,
				8F8760E72A28BAE700859F4C /* Assets.xcassets in Resources */,
			);
			runOnlyForDeploymentPostprocessing = 0;
		};
/* End PBXResourcesBuildPhase section */

/* Begin PBXSourcesBuildPhase section */
		8F8760DB2A28BAE500859F4C /* Sources */ = {
			isa = PBXSourcesBuildPhase;
			buildActionMask = 2147483647;
			files = (
				8F9D8CC42A34B42F00F2D006 /* CartItemCell.swift in Sources */,
				8F8760FF2A28D4C300859F4C /* Color+.swift in Sources */,
				8F8761012A2904F600859F4C /* CategoryItemView.swift in Sources */,
				8F8761142A2B628B00859F4C /* DetailsCardView.swift in Sources */,
				8F8760E52A28BAE500859F4C /* ContentView.swift in Sources */,
				8F8761052A2A02D600859F4C /* DetailView.swift in Sources */,
				8F9D8CDA2A363B3600F2D006 /* Stepper.swift in Sources */,
				8F87610C2A2A45FF00859F4C /* RatingStars.swift in Sources */,
				8F87610A2A2A0EB600859F4C /* View+.swift in Sources */,
				8F8760F92A28D3B300859F4C /* SearchField.swift in Sources */,
				8F87610E2A2B32AF00859F4C /* CartOrderView.swift in Sources */,
				8F9D8CDC2A3731BA00F2D006 /* DetailViewModel.swift in Sources */,
				8F8760F62A28C36400859F4C /* Image+.swift in Sources */,
				8F9D8CC22A34B3D300F2D006 /* CartItemModel.swift in Sources */,
				8F9D8CC62A34BB5200F2D006 /* AddToCartButton.swift in Sources */,
				8F8761222A30774B00859F4C /* ViewModel.swift in Sources */,
				8F8761122A2B520A00859F4C /* ItemViewModel.swift in Sources */,
				8F8761102A2B4E0E00859F4C /* Item.swift in Sources */,
				8F8760F22A28C28400859F4C /* MainView.swift in Sources */,
				8F9D8CBF2A34A89200F2D006 /* CartViewModel.swift in Sources */,
				8F8760FC2A28D44500859F4C /* CardView.swift in Sources */,
				8F8761032A290B4C00859F4C /* OverlapView.swift in Sources */,
				8F8760E32A28BAE500859F4C /* FoodDeliveryAppApp.swift in Sources */,
			);
			runOnlyForDeploymentPostprocessing = 0;
		};
/* End PBXSourcesBuildPhase section */

/* Begin XCBuildConfiguration section */
		8F8760EB2A28BAE700859F4C /* Debug */ = {
			isa = XCBuildConfiguration;
			buildSettings = {
				ALWAYS_SEARCH_USER_PATHS = NO;
				CLANG_ANALYZER_NONNULL = YES;
				CLANG_ANALYZER_NUMBER_OBJECT_CONVERSION = YES_AGGRESSIVE;
				CLANG_CXX_LANGUAGE_STANDARD = "gnu++20";
				CLANG_ENABLE_MODULES = YES;
				CLANG_ENABLE_OBJC_ARC = YES;
				CLANG_ENABLE_OBJC_WEAK = YES;
				CLANG_WARN_BLOCK_CAPTURE_AUTORELEASING = YES;
				CLANG_WARN_BOOL_CONVERSION = YES;
				CLANG_WARN_COMMA = YES;
				CLANG_WARN_CONSTANT_CONVERSION = YES;
				CLANG_WARN_DEPRECATED_OBJC_IMPLEMENTATIONS = YES;
				CLANG_WARN_DIRECT_OBJC_ISA_USAGE = YES_ERROR;
				CLANG_WARN_DOCUMENTATION_COMMENTS = YES;
				CLANG_WARN_EMPTY_BODY = YES;
				CLANG_WARN_ENUM_CONVERSION = YES;
				CLANG_WARN_INFINITE_RECURSION = YES;
				CLANG_WARN_INT_CONVERSION = YES;
				CLANG_WARN_NON_LITERAL_NULL_CONVERSION = YES;
				CLANG_WARN_OBJC_IMPLICIT_RETAIN_SELF = YES;
				CLANG_WARN_OBJC_LITERAL_CONVERSION = YES;
				CLANG_WARN_OBJC_ROOT_CLASS = YES_ERROR;
				CLANG_WARN_QUOTED_INCLUDE_IN_FRAMEWORK_HEADER = YES;
				CLANG_WARN_RANGE_LOOP_ANALYSIS = YES;
				CLANG_WARN_STRICT_PROTOTYPES = YES;
				CLANG_WARN_SUSPICIOUS_MOVE = YES;
				CLANG_WARN_UNGUARDED_AVAILABILITY = YES_AGGRESSIVE;
				CLANG_WARN_UNREACHABLE_CODE = YES;
				CLANG_WARN__DUPLICATE_METHOD_MATCH = YES;
				COPY_PHASE_STRIP = NO;
				DEBUG_INFORMATION_FORMAT = dwarf;
				ENABLE_STRICT_OBJC_MSGSEND = YES;
				ENABLE_TESTABILITY = YES;
				GCC_C_LANGUAGE_STANDARD = gnu11;
				GCC_DYNAMIC_NO_PIC = NO;
				GCC_NO_COMMON_BLOCKS = YES;
				GCC_OPTIMIZATION_LEVEL = 0;
				GCC_PREPROCESSOR_DEFINITIONS = (
					"DEBUG=1",
					"$(inherited)",
				);
				GCC_WARN_64_TO_32_BIT_CONVERSION = YES;
				GCC_WARN_ABOUT_RETURN_TYPE = YES_ERROR;
				GCC_WARN_UNDECLARED_SELECTOR = YES;
				GCC_WARN_UNINITIALIZED_AUTOS = YES_AGGRESSIVE;
				GCC_WARN_UNUSED_FUNCTION = YES;
				GCC_WARN_UNUSED_VARIABLE = YES;
				IPHONEOS_DEPLOYMENT_TARGET = 16.2;
				MTL_ENABLE_DEBUG_INFO = INCLUDE_SOURCE;
				MTL_FAST_MATH = YES;
				ONLY_ACTIVE_ARCH = YES;
				SDKROOT = iphoneos;
				SWIFT_ACTIVE_COMPILATION_CONDITIONS = DEBUG;
				SWIFT_OPTIMIZATION_LEVEL = "-Onone";
			};
			name = Debug;
		};
		8F8760EC2A28BAE700859F4C /* Release */ = {
			isa = XCBuildConfiguration;
			buildSettings = {
				ALWAYS_SEARCH_USER_PATHS = NO;
				CLANG_ANALYZER_NONNULL = YES;
				CLANG_ANALYZER_NUMBER_OBJECT_CONVERSION = YES_AGGRESSIVE;
				CLANG_CXX_LANGUAGE_STANDARD = "gnu++20";
				CLANG_ENABLE_MODULES = YES;
				CLANG_ENABLE_OBJC_ARC = YES;
				CLANG_ENABLE_OBJC_WEAK = YES;
				CLANG_WARN_BLOCK_CAPTURE_AUTORELEASING = YES;
				CLANG_WARN_BOOL_CONVERSION = YES;
				CLANG_WARN_COMMA = YES;
				CLANG_WARN_CONSTANT_CONVERSION = YES;
				CLANG_WARN_DEPRECATED_OBJC_IMPLEMENTATIONS = YES;
				CLANG_WARN_DIRECT_OBJC_ISA_USAGE = YES_ERROR;
				CLANG_WARN_DOCUMENTATION_COMMENTS = YES;
				CLANG_WARN_EMPTY_BODY = YES;
				CLANG_WARN_ENUM_CONVERSION = YES;
				CLANG_WARN_INFINITE_RECURSION = YES;
				CLANG_WARN_INT_CONVERSION = YES;
				CLANG_WARN_NON_LITERAL_NULL_CONVERSION = YES;
				CLANG_WARN_OBJC_IMPLICIT_RETAIN_SELF = YES;
				CLANG_WARN_OBJC_LITERAL_CONVERSION = YES;
				CLANG_WARN_OBJC_ROOT_CLASS = YES_ERROR;
				CLANG_WARN_QUOTED_INCLUDE_IN_FRAMEWORK_HEADER = YES;
				CLANG_WARN_RANGE_LOOP_ANALYSIS = YES;
				CLANG_WARN_STRICT_PROTOTYPES = YES;
				CLANG_WARN_SUSPICIOUS_MOVE = YES;
				CLANG_WARN_UNGUARDED_AVAILABILITY = YES_AGGRESSIVE;
				CLANG_WARN_UNREACHABLE_CODE = YES;
				CLANG_WARN__DUPLICATE_METHOD_MATCH = YES;
				COPY_PHASE_STRIP = NO;
				DEBUG_INFORMATION_FORMAT = "dwarf-with-dsym";
				ENABLE_NS_ASSERTIONS = NO;
				ENABLE_STRICT_OBJC_MSGSEND = YES;
				GCC_C_LANGUAGE_STANDARD = gnu11;
				GCC_NO_COMMON_BLOCKS = YES;
				GCC_WARN_64_TO_32_BIT_CONVERSION = YES;
				GCC_WARN_ABOUT_RETURN_TYPE = YES_ERROR;
				GCC_WARN_UNDECLARED_SELECTOR = YES;
				GCC_WARN_UNINITIALIZED_AUTOS = YES_AGGRESSIVE;
				GCC_WARN_UNUSED_FUNCTION = YES;
				GCC_WARN_UNUSED_VARIABLE = YES;
				IPHONEOS_DEPLOYMENT_TARGET = 16.2;
				MTL_ENABLE_DEBUG_INFO = NO;
				MTL_FAST_MATH = YES;
				SDKROOT = iphoneos;
				SWIFT_COMPILATION_MODE = wholemodule;
				SWIFT_OPTIMIZATION_LEVEL = "-O";
				VALIDATE_PRODUCT = YES;
			};
			name = Release;
		};
		8F8760EE2A28BAE700859F4C /* Debug */ = {
			isa = XCBuildConfiguration;
			buildSettings = {
				ASSETCATALOG_COMPILER_APPICON_NAME = AppIcon;
				ASSETCATALOG_COMPILER_GLOBAL_ACCENT_COLOR_NAME = AccentColor;
				CODE_SIGN_STYLE = Automatic;
				CURRENT_PROJECT_VERSION = 1;
				DEVELOPMENT_ASSET_PATHS = "\"FoodDeliveryApp/Preview Content\"";
				DEVELOPMENT_TEAM = UJBQST367M;
				ENABLE_PREVIEWS = YES;
				GENERATE_INFOPLIST_FILE = YES;
				INFOPLIST_KEY_UIApplicationSceneManifest_Generation = YES;
				INFOPLIST_KEY_UIApplicationSupportsIndirectInputEvents = YES;
				INFOPLIST_KEY_UILaunchScreen_Generation = YES;
				INFOPLIST_KEY_UISupportedInterfaceOrientations_iPad = "UIInterfaceOrientationPortrait UIInterfaceOrientationPortraitUpsideDown UIInterfaceOrientationLandscapeLeft UIInterfaceOrientationLandscapeRight";
				INFOPLIST_KEY_UISupportedInterfaceOrientations_iPhone = "UIInterfaceOrientationPortrait UIInterfaceOrientationLandscapeLeft UIInterfaceOrientationLandscapeRight";
				LD_RUNPATH_SEARCH_PATHS = (
					"$(inherited)",
					"@executable_path/Frameworks",
				);
				MARKETING_VERSION = 1.0;
				PRODUCT_BUNDLE_IDENTIFIER = com.mounikaA.FoodDeliveryApp;
				PRODUCT_NAME = "$(TARGET_NAME)";
				SWIFT_EMIT_LOC_STRINGS = YES;
				SWIFT_VERSION = 5.0;
				TARGETED_DEVICE_FAMILY = "1,2";
			};
			name = Debug;
		};
		8F8760EF2A28BAE700859F4C /* Release */ = {
			isa = XCBuildConfiguration;
			buildSettings = {
				ASSETCATALOG_COMPILER_APPICON_NAME = AppIcon;
				ASSETCATALOG_COMPILER_GLOBAL_ACCENT_COLOR_NAME = AccentColor;
				CODE_SIGN_STYLE = Automatic;
				CURRENT_PROJECT_VERSION = 1;
				DEVELOPMENT_ASSET_PATHS = "\"FoodDeliveryApp/Preview Content\"";
				DEVELOPMENT_TEAM = UJBQST367M;
				ENABLE_PREVIEWS = YES;
				GENERATE_INFOPLIST_FILE = YES;
				INFOPLIST_KEY_UIApplicationSceneManifest_Generation = YES;
				INFOPLIST_KEY_UIApplicationSupportsIndirectInputEvents = YES;
				INFOPLIST_KEY_UILaunchScreen_Generation = YES;
				INFOPLIST_KEY_UISupportedInterfaceOrientations_iPad = "UIInterfaceOrientationPortrait UIInterfaceOrientationPortraitUpsideDown UIInterfaceOrientationLandscapeLeft UIInterfaceOrientationLandscapeRight";
				INFOPLIST_KEY_UISupportedInterfaceOrientations_iPhone = "UIInterfaceOrientationPortrait UIInterfaceOrientationLandscapeLeft UIInterfaceOrientationLandscapeRight";
				LD_RUNPATH_SEARCH_PATHS = (
					"$(inherited)",
					"@executable_path/Frameworks",
				);
				MARKETING_VERSION = 1.0;
				PRODUCT_BUNDLE_IDENTIFIER = com.mounikaA.FoodDeliveryApp;
				PRODUCT_NAME = "$(TARGET_NAME)";
				SWIFT_EMIT_LOC_STRINGS = YES;
				SWIFT_VERSION = 5.0;
				TARGETED_DEVICE_FAMILY = "1,2";
			};
			name = Release;
		};
/* End XCBuildConfiguration section */

/* Begin XCConfigurationList section */
		8F8760DA2A28BAE500859F4C /* Build configuration list for PBXProject "FoodDeliveryApp" */ = {
			isa = XCConfigurationList;
			buildConfigurations = (
				8F8760EB2A28BAE700859F4C /* Debug */,
				8F8760EC2A28BAE700859F4C /* Release */,
			);
			defaultConfigurationIsVisible = 0;
			defaultConfigurationName = Release;
		};
		8F8760ED2A28BAE700859F4C /* Build configuration list for PBXNativeTarget "FoodDeliveryApp" */ = {
			isa = XCConfigurationList;
			buildConfigurations = (
				8F8760EE2A28BAE700859F4C /* Debug */,
				8F8760EF2A28BAE700859F4C /* Release */,
			);
			defaultConfigurationIsVisible = 0;
			defaultConfigurationName = Release;
		};
/* End XCConfigurationList section */
	};
	rootObject = 8F8760D72A28BAE500859F4C /* Project object */;
}
